
Microsoft Visual Studio Solution File, Format Version 12.00
# Visual Studio Version 17
VisualStudioVersion = 17.4.33205.214
MinimumVisualStudioVersion = 10.0.40219.1
Project("{FAE04EC0-301F-11D3-BF4B-00C04F79EFBC}") = "teste", "teste\teste.csproj", "{62C08E67-3938-4E48-9242-155C06D2F2F0}"
EndProject
Global
	GlobalSection(SolutionConfigurationPlatforms) = preSolution
		Debug|Any CPU = Debug|Any CPU
		Release|Any CPU = Release|Any CPU
	EndGlobalSection
	GlobalSection(ProjectConfigurationPlatforms) = postSolution
		{62C08E67-3938-4E48-9242-155C06D2F2F0}.Debug|Any CPU.ActiveCfg = Debug|Any CPU
		{62C08E67-3938-4E48-9242-155C06D2F2F0}.Debug|Any CPU.Build.0 = Debug|Any CPU
		{62C08E67-3938-4E48-9242-155C06D2F2F0}.Release|Any CPU.ActiveCfg = Release|Any CPU
		{62C08E67-3938-4E48-9242-155C06D2F2F0}.Release|Any CPU.Build.0 = Release|Any CPU
	EndGlobalSection
	GlobalSection(SolutionProperties) = preSolution
		HideSolutionNode = FALSE
	EndGlobalSection
	GlobalSection(ExtensibilityGlobals) = postSolution
		SolutionGuid = {5D6A953F-88CF-4859-8EF4-750F23D32AED}
	EndGlobalSection
EndGlobal
